
Microsoft Visual Studio Solution File, Format Version 11.00
# Visual Studio 2010
Project("{FAE04EC0-301F-11D3-BF4B-00C04F79EFBC}") = "Microsoft.MixedReality.Toolkit.SDK", "Microsoft.MixedReality.Toolkit.SDK.csproj", "{66740f08-4654-35a6-46e7-824f3ac67c09}"
EndProject
Project("{FAE04EC0-301F-11D3-BF4B-00C04F79EFBC}") = "Microsoft.MixedReality.Toolkit.Providers.OpenVR", "Microsoft.MixedReality.Toolkit.Providers.OpenVR.csproj", "{431d507e-cb68-630d-0c11-996a5681a200}"
EndProject
Project("{FAE04EC0-301F-11D3-BF4B-00C04F79EFBC}") = "Microsoft.MixedReality.Toolkit", "Microsoft.MixedReality.Toolkit.csproj", "{0d044fa1-fe58-2cf2-2a1b-6bdd165e54fa}"
EndProject
Project("{FAE04EC0-301F-11D3-BF4B-00C04F79EFBC}") = "Microsoft.MixedReality.Toolkit.Services.SpatialAwarenessSystem", "Microsoft.MixedReality.Toolkit.Services.SpatialAwarenessSystem.csproj", "{e9189305-193d-3a9d-fffd-d42bd06887a2}"
EndProject
Project("{FAE04EC0-301F-11D3-BF4B-00C04F79EFBC}") = "Assembly-CSharp", "Assembly-CSharp.csproj", "{2d8651d2-620a-a5a6-b138-fbde7ef86131}"
EndProject
Project("{FAE04EC0-301F-11D3-BF4B-00C04F79EFBC}") = "Microsoft.MixedReality.Toolkit.Services.CameraSystem", "Microsoft.MixedReality.Toolkit.Services.CameraSystem.csproj", "{540a912c-29ce-c576-96b4-c4543f76dffc}"
EndProject
Project("{FAE04EC0-301F-11D3-BF4B-00C04F79EFBC}") = "Microsoft.MixedReality.Toolkit.Gltf", "Microsoft.MixedReality.Toolkit.Gltf.csproj", "{e07c0bb6-69a9-7a5f-ee77-7bd51fb7e1ee}"
EndProject
Project("{FAE04EC0-301F-11D3-BF4B-00C04F79EFBC}") = "Microsoft.MixedReality.Toolkit.Providers.XRSDK", "Microsoft.MixedReality.Toolkit.Providers.XRSDK.csproj", "{d5a37488-2cc7-a144-d4b8-cab4a3385e25}"
EndProject
Project("{FAE04EC0-301F-11D3-BF4B-00C04F79EFBC}") = "Microsoft.MixedReality.Toolkit.Providers.XRSDK.Oculus", "Microsoft.MixedReality.Toolkit.Providers.XRSDK.Oculus.csproj", "{4c1ee3c8-1850-e57c-3182-8aecdd0e8a88}"
EndProject
Project("{FAE04EC0-301F-11D3-BF4B-00C04F79EFBC}") = "Microsoft.MixedReality.Toolkit.Services.SceneSystem", "Microsoft.MixedReality.Toolkit.Services.SceneSystem.csproj", "{3b58537b-ecb7-5254-9624-ce2511319c96}"
EndProject
Project("{FAE04EC0-301F-11D3-BF4B-00C04F79EFBC}") = "Microsoft.MixedReality.Toolkit.Services.InputSystem", "Microsoft.MixedReality.Toolkit.Services.InputSystem.csproj", "{6b6e4743-d03a-51a1-2b3c-e65aba36a5de}"
EndProject
Project("{FAE04EC0-301F-11D3-BF4B-00C04F79EFBC}") = "Microsoft.MixedReality.Toolkit.Providers.WindowsMixedReality.Shared", "Microsoft.MixedReality.Toolkit.Providers.WindowsMixedReality.Shared.csproj", "{4f5beab3-464b-a8bc-aefa-3d2161458c12}"
EndProject
Project("{FAE04EC0-301F-11D3-BF4B-00C04F79EFBC}") = "Microsoft.MixedReality.Toolkit.Services.BoundarySystem", "Microsoft.MixedReality.Toolkit.Services.BoundarySystem.csproj", "{259ec374-6c5a-6f2c-33b5-24e2884b794b}"
EndProject
Project("{FAE04EC0-301F-11D3-BF4B-00C04F79EFBC}") = "Microsoft.MixedReality.Toolkit.Providers.LeapMotion", "Microsoft.MixedReality.Toolkit.Providers.LeapMotion.csproj", "{25b8d4a3-cbc8-86f3-4fa5-4f8c057ec61e}"
EndProject
Project("{FAE04EC0-301F-11D3-BF4B-00C04F79EFBC}") = "Microsoft.MixedReality.Toolkit.Services.InputSimulation", "Microsoft.MixedReality.Toolkit.Services.InputSimulation.csproj", "{e174870a-ce80-94df-0604-edd5c22c2f40}"
EndProject
Project("{FAE04EC0-301F-11D3-BF4B-00C04F79EFBC}") = "Microsoft.MixedReality.Toolkit.Providers.XRSDK.WindowsMixedReality", "Microsoft.MixedReality.Toolkit.Providers.XRSDK.WindowsMixedReality.csproj", "{a34a7f2d-0bab-4b9b-6cc0-c3f711aff481}"
EndProject
Project("{FAE04EC0-301F-11D3-BF4B-00C04F79EFBC}") = "Microsoft.MixedReality.Toolkit.Providers.UnityAR", "Microsoft.MixedReality.Toolkit.Providers.UnityAR.csproj", "{9c8e7a19-73dc-2b13-0d81-3c119d35f049}"
EndProject
Project("{FAE04EC0-301F-11D3-BF4B-00C04F79EFBC}") = "Microsoft.MixedReality.Toolkit.Services.InputAnimation", "Microsoft.MixedReality.Toolkit.Services.InputAnimation.csproj", "{e9bcf7a2-88b5-696a-60ab-b78823b748fb}"
EndProject
Project("{FAE04EC0-301F-11D3-BF4B-00C04F79EFBC}") = "Microsoft.MixedReality.Toolkit.Services.DiagnosticsSystem", "Microsoft.MixedReality.Toolkit.Services.DiagnosticsSystem.csproj", "{09ede50c-aa65-8a0e-7b0e-0348f48df0b7}"
EndProject
Project("{FAE04EC0-301F-11D3-BF4B-00C04F79EFBC}") = "Microsoft.MixedReality.Toolkit.Async", "Microsoft.MixedReality.Toolkit.Async.csproj", "{2c1c34a0-31aa-d673-601e-08c916747105}"
EndProject
Project("{FAE04EC0-301F-11D3-BF4B-00C04F79EFBC}") = "Microsoft.MixedReality.Toolkit.Providers.WindowsMixedReality", "Microsoft.MixedReality.Toolkit.Providers.WindowsMixedReality.csproj", "{ed6c3f0a-4201-778f-de05-155c238730bf}"
EndProject
Project("{FAE04EC0-301F-11D3-BF4B-00C04F79EFBC}") = "Microsoft.MixedReality.Toolkit.Providers.WindowsVoiceInput", "Microsoft.MixedReality.Toolkit.Providers.WindowsVoiceInput.csproj", "{c3987b93-3736-3b5b-cb56-76f505d5249a}"
EndProject
Project("{FAE04EC0-301F-11D3-BF4B-00C04F79EFBC}") = "Microsoft.MixedReality.Toolkit.Services.TeleportSystem", "Microsoft.MixedReality.Toolkit.Services.TeleportSystem.csproj", "{ea38e163-6dfe-8a66-edc5-d8df01cd34e0}"
EndProject
Project("{FAE04EC0-301F-11D3-BF4B-00C04F79EFBC}") = "Microsoft.MixedReality.Toolkit.SDK.Editor", "Microsoft.MixedReality.Toolkit.SDK.Editor.csproj", "{0b0915ac-768a-18db-9cfe-183e0718f4cd}"
EndProject
Project("{FAE04EC0-301F-11D3-BF4B-00C04F79EFBC}") = "Microsoft.MixedReality.Toolkit.Editor.Inspectors", "Microsoft.MixedReality.Toolkit.Editor.Inspectors.csproj", "{272062e3-85f9-011b-6639-aefb0c72bb13}"
EndProject
Project("{FAE04EC0-301F-11D3-BF4B-00C04F79EFBC}") = "Microsoft.MixedReality.Toolkit.Editor.ServiceInspectors", "Microsoft.MixedReality.Toolkit.Editor.ServiceInspectors.csproj", "{b0a01257-de5f-0f0f-15da-0e8846941e5c}"
EndProject
Project("{FAE04EC0-301F-11D3-BF4B-00C04F79EFBC}") = "Assembly-CSharp-Editor", "Assembly-CSharp-Editor.csproj", "{8049eb73-a7a4-cdfb-8564-a19ea7303f21}"
EndProject
Project("{FAE04EC0-301F-11D3-BF4B-00C04F79EFBC}") = "Microsoft.MixedReality.Toolkit.Editor.Utilities", "Microsoft.MixedReality.Toolkit.Editor.Utilities.csproj", "{0dd6f4b5-7932-8d27-6c2c-43d95f0747a3}"
EndProject
Project("{FAE04EC0-301F-11D3-BF4B-00C04F79EFBC}") = "Microsoft.MixedReality.Toolkit.Providers.ObjectMeshObserver", "Microsoft.MixedReality.Toolkit.Providers.ObjectMeshObserver.csproj", "{1803b81c-844b-03ff-fde9-d81d41918643}"
EndProject
Project("{FAE04EC0-301F-11D3-BF4B-00C04F79EFBC}") = "Microsoft.MixedReality.Toolkit.Editor.ClassExtensions", "Microsoft.MixedReality.Toolkit.Editor.ClassExtensions.csproj", "{caf5bfaa-ea44-5af0-9833-9f0b4522b9ec}"
EndProject
Project("{FAE04EC0-301F-11D3-BF4B-00C04F79EFBC}") = "Microsoft.MixedReality.Toolkit.Gltf.Importers", "Microsoft.MixedReality.Toolkit.Gltf.Importers.csproj", "{13412783-7a61-6ce0-e450-985f002b1457}"
EndProject
Project("{FAE04EC0-301F-11D3-BF4B-00C04F79EFBC}") = "Microsoft.MixedReality.Toolkit.Providers.WindowsMixedReality.Editor", "Microsoft.MixedReality.Toolkit.Providers.WindowsMixedReality.Editor.csproj", "{6480c7d7-3c3d-25be-a981-79b03fc8ca92}"
EndProject
Project("{FAE04EC0-301F-11D3-BF4B-00C04F79EFBC}") = "Microsoft.MixedReality.Toolkit.StandardAssets.Editor", "Microsoft.MixedReality.Toolkit.StandardAssets.Editor.csproj", "{60ab3530-528f-6f11-b02c-4d8de32a3556}"
EndProject
Project("{FAE04EC0-301F-11D3-BF4B-00C04F79EFBC}") = "Microsoft.MixedReality.Toolkit.Editor.BuildAndDeploy", "Microsoft.MixedReality.Toolkit.Editor.BuildAndDeploy.csproj", "{3fdb87a9-a6c2-14cf-a060-2af5bf037164}"
EndProject
Project("{FAE04EC0-301F-11D3-BF4B-00C04F79EFBC}") = "Microsoft.MixedReality.Toolkit.Services.InputSimulation.Editor", "Microsoft.MixedReality.Toolkit.Services.InputSimulation.Editor.csproj", "{58213b62-ea05-2d65-0aca-e2abb33b7fdf}"
EndProject
Project("{FAE04EC0-301F-11D3-BF4B-00C04F79EFBC}") = "Microsoft.MixedReality.Toolkit.Providers.LeapMotion.Editor", "Microsoft.MixedReality.Toolkit.Providers.LeapMotion.Editor.csproj", "{45f4dc15-7d9e-c31c-d2ac-3db2e564b307}"
EndProject
Project("{FAE04EC0-301F-11D3-BF4B-00C04F79EFBC}") = "Microsoft.MixedReality.Toolkit.Providers.UnityAR.Editor", "Microsoft.MixedReality.Toolkit.Providers.UnityAR.Editor.csproj", "{e53d65bf-b7a1-69b4-e60a-e6ef97bd6815}"
EndProject
Project("{FAE04EC0-301F-11D3-BF4B-00C04F79EFBC}") = "Microsoft.MixedReality.Toolkit.Services.InputSystem.Editor", "Microsoft.MixedReality.Toolkit.Services.InputSystem.Editor.csproj", "{ecdd0481-7f7a-4c10-13a5-49fd48fd3640}"
EndProject
Project("{FAE04EC0-301F-11D3-BF4B-00C04F79EFBC}") = "Microsoft.MixedReality.Toolkit.Providers.XRSDK.Oculus.Handtracking.Editor", "Microsoft.MixedReality.Toolkit.Providers.XRSDK.Oculus.Handtracking.Editor.csproj", "{1941a5db-6657-3dfe-9052-59aba2e583dc}"
EndProject
Project("{FAE04EC0-301F-11D3-BF4B-00C04F79EFBC}") = "Microsoft.MixedReality.Toolkit.SDK.Experimental.Editor", "Microsoft.MixedReality.Toolkit.SDK.Experimental.Editor.csproj", "{1059a601-71fc-82ca-bfdd-a81fa29e599b}"
EndProject
Global
	GlobalSection(SolutionConfigurationPlatforms) = preSolution
		Debug|Any CPU = Debug|Any CPU
	EndGlobalSection
	GlobalSection(ProjectConfigurationPlatforms) = postSolution
		{66740f08-4654-35a6-46e7-824f3ac67c09}.Debug|Any CPU.ActiveCfg = Debug|Any CPU
		{66740f08-4654-35a6-46e7-824f3ac67c09}.Debug|Any CPU.Build.0 = Debug|Any CPU
		{431d507e-cb68-630d-0c11-996a5681a200}.Debug|Any CPU.ActiveCfg = Debug|Any CPU
		{431d507e-cb68-630d-0c11-996a5681a200}.Debug|Any CPU.Build.0 = Debug|Any CPU
		{0d044fa1-fe58-2cf2-2a1b-6bdd165e54fa}.Debug|Any CPU.ActiveCfg = Debug|Any CPU
		{0d044fa1-fe58-2cf2-2a1b-6bdd165e54fa}.Debug|Any CPU.Build.0 = Debug|Any CPU
		{e9189305-193d-3a9d-fffd-d42bd06887a2}.Debug|Any CPU.ActiveCfg = Debug|Any CPU
		{e9189305-193d-3a9d-fffd-d42bd06887a2}.Debug|Any CPU.Build.0 = Debug|Any CPU
		{2d8651d2-620a-a5a6-b138-fbde7ef86131}.Debug|Any CPU.ActiveCfg = Debug|Any CPU
		{2d8651d2-620a-a5a6-b138-fbde7ef86131}.Debug|Any CPU.Build.0 = Debug|Any CPU
		{540a912c-29ce-c576-96b4-c4543f76dffc}.Debug|Any CPU.ActiveCfg = Debug|Any CPU
		{540a912c-29ce-c576-96b4-c4543f76dffc}.Debug|Any CPU.Build.0 = Debug|Any CPU
		{e07c0bb6-69a9-7a5f-ee77-7bd51fb7e1ee}.Debug|Any CPU.ActiveCfg = Debug|Any CPU
		{e07c0bb6-69a9-7a5f-ee77-7bd51fb7e1ee}.Debug|Any CPU.Build.0 = Debug|Any CPU
		{d5a37488-2cc7-a144-d4b8-cab4a3385e25}.Debug|Any CPU.ActiveCfg = Debug|Any CPU
		{d5a37488-2cc7-a144-d4b8-cab4a3385e25}.Debug|Any CPU.Build.0 = Debug|Any CPU
		{4c1ee3c8-1850-e57c-3182-8aecdd0e8a88}.Debug|Any CPU.ActiveCfg = Debug|Any CPU
		{4c1ee3c8-1850-e57c-3182-8aecdd0e8a88}.Debug|Any CPU.Build.0 = Debug|Any CPU
		{3b58537b-ecb7-5254-9624-ce2511319c96}.Debug|Any CPU.ActiveCfg = Debug|Any CPU
		{3b58537b-ecb7-5254-9624-ce2511319c96}.Debug|Any CPU.Build.0 = Debug|Any CPU
		{6b6e4743-d03a-51a1-2b3c-e65aba36a5de}.Debug|Any CPU.ActiveCfg = Debug|Any CPU
		{6b6e4743-d03a-51a1-2b3c-e65aba36a5de}.Debug|Any CPU.Build.0 = Debug|Any CPU
		{4f5beab3-464b-a8bc-aefa-3d2161458c12}.Debug|Any CPU.ActiveCfg = Debug|Any CPU
		{4f5beab3-464b-a8bc-aefa-3d2161458c12}.Debug|Any CPU.Build.0 = Debug|Any CPU
		{259ec374-6c5a-6f2c-33b5-24e2884b794b}.Debug|Any CPU.ActiveCfg = Debug|Any CPU
		{259ec374-6c5a-6f2c-33b5-24e2884b794b}.Debug|Any CPU.Build.0 = Debug|Any CPU
		{25b8d4a3-cbc8-86f3-4fa5-4f8c057ec61e}.Debug|Any CPU.ActiveCfg = Debug|Any CPU
		{25b8d4a3-cbc8-86f3-4fa5-4f8c057ec61e}.Debug|Any CPU.Build.0 = Debug|Any CPU
		{e174870a-ce80-94df-0604-edd5c22c2f40}.Debug|Any CPU.ActiveCfg = Debug|Any CPU
		{e174870a-ce80-94df-0604-edd5c22c2f40}.Debug|Any CPU.Build.0 = Debug|Any CPU
		{a34a7f2d-0bab-4b9b-6cc0-c3f711aff481}.Debug|Any CPU.ActiveCfg = Debug|Any CPU
		{a34a7f2d-0bab-4b9b-6cc0-c3f711aff481}.Debug|Any CPU.Build.0 = Debug|Any CPU
		{9c8e7a19-73dc-2b13-0d81-3c119d35f049}.Debug|Any CPU.ActiveCfg = Debug|Any CPU
		{9c8e7a19-73dc-2b13-0d81-3c119d35f049}.Debug|Any CPU.Build.0 = Debug|Any CPU
		{e9bcf7a2-88b5-696a-60ab-b78823b748fb}.Debug|Any CPU.ActiveCfg = Debug|Any CPU
		{e9bcf7a2-88b5-696a-60ab-b78823b748fb}.Debug|Any CPU.Build.0 = Debug|Any CPU
		{09ede50c-aa65-8a0e-7b0e-0348f48df0b7}.Debug|Any CPU.ActiveCfg = Debug|Any CPU
		{09ede50c-aa65-8a0e-7b0e-0348f48df0b7}.Debug|Any CPU.Build.0 = Debug|Any CPU
		{2c1c34a0-31aa-d673-601e-08c916747105}.Debug|Any CPU.ActiveCfg = Debug|Any CPU
		{2c1c34a0-31aa-d673-601e-08c916747105}.Debug|Any CPU.Build.0 = Debug|Any CPU
		{ed6c3f0a-4201-778f-de05-155c238730bf}.Debug|Any CPU.ActiveCfg = Debug|Any CPU
		{ed6c3f0a-4201-778f-de05-155c238730bf}.Debug|Any CPU.Build.0 = Debug|Any CPU
		{c3987b93-3736-3b5b-cb56-76f505d5249a}.Debug|Any CPU.ActiveCfg = Debug|Any CPU
		{c3987b93-3736-3b5b-cb56-76f505d5249a}.Debug|Any CPU.Build.0 = Debug|Any CPU
		{ea38e163-6dfe-8a66-edc5-d8df01cd34e0}.Debug|Any CPU.ActiveCfg = Debug|Any CPU
		{ea38e163-6dfe-8a66-edc5-d8df01cd34e0}.Debug|Any CPU.Build.0 = Debug|Any CPU
		{0b0915ac-768a-18db-9cfe-183e0718f4cd}.Debug|Any CPU.ActiveCfg = Debug|Any CPU
		{0b0915ac-768a-18db-9cfe-183e0718f4cd}.Debug|Any CPU.Build.0 = Debug|Any CPU
		{272062e3-85f9-011b-6639-aefb0c72bb13}.Debug|Any CPU.ActiveCfg = Debug|Any CPU
		{272062e3-85f9-011b-6639-aefb0c72bb13}.Debug|Any CPU.Build.0 = Debug|Any CPU
		{b0a01257-de5f-0f0f-15da-0e8846941e5c}.Debug|Any CPU.ActiveCfg = Debug|Any CPU
		{b0a01257-de5f-0f0f-15da-0e8846941e5c}.Debug|Any CPU.Build.0 = Debug|Any CPU
		{8049eb73-a7a4-cdfb-8564-a19ea7303f21}.Debug|Any CPU.ActiveCfg = Debug|Any CPU
		{8049eb73-a7a4-cdfb-8564-a19ea7303f21}.Debug|Any CPU.Build.0 = Debug|Any CPU
		{0dd6f4b5-7932-8d27-6c2c-43d95f0747a3}.Debug|Any CPU.ActiveCfg = Debug|Any CPU
		{0dd6f4b5-7932-8d27-6c2c-43d95f0747a3}.Debug|Any CPU.Build.0 = Debug|Any CPU
		{1803b81c-844b-03ff-fde9-d81d41918643}.Debug|Any CPU.ActiveCfg = Debug|Any CPU
		{1803b81c-844b-03ff-fde9-d81d41918643}.Debug|Any CPU.Build.0 = Debug|Any CPU
		{caf5bfaa-ea44-5af0-9833-9f0b4522b9ec}.Debug|Any CPU.ActiveCfg = Debug|Any CPU
		{caf5bfaa-ea44-5af0-9833-9f0b4522b9ec}.Debug|Any CPU.Build.0 = Debug|Any CPU
		{13412783-7a61-6ce0-e450-985f002b1457}.Debug|Any CPU.ActiveCfg = Debug|Any CPU
		{13412783-7a61-6ce0-e450-985f002b1457}.Debug|Any CPU.Build.0 = Debug|Any CPU
		{6480c7d7-3c3d-25be-a981-79b03fc8ca92}.Debug|Any CPU.ActiveCfg = Debug|Any CPU
		{6480c7d7-3c3d-25be-a981-79b03fc8ca92}.Debug|Any CPU.Build.0 = Debug|Any CPU
		{60ab3530-528f-6f11-b02c-4d8de32a3556}.Debug|Any CPU.ActiveCfg = Debug|Any CPU
		{60ab3530-528f-6f11-b02c-4d8de32a3556}.Debug|Any CPU.Build.0 = Debug|Any CPU
		{3fdb87a9-a6c2-14cf-a060-2af5bf037164}.Debug|Any CPU.ActiveCfg = Debug|Any CPU
		{3fdb87a9-a6c2-14cf-a060-2af5bf037164}.Debug|Any CPU.Build.0 = Debug|Any CPU
		{58213b62-ea05-2d65-0aca-e2abb33b7fdf}.Debug|Any CPU.ActiveCfg = Debug|Any CPU
		{58213b62-ea05-2d65-0aca-e2abb33b7fdf}.Debug|Any CPU.Build.0 = Debug|Any CPU
		{45f4dc15-7d9e-c31c-d2ac-3db2e564b307}.Debug|Any CPU.ActiveCfg = Debug|Any CPU
		{45f4dc15-7d9e-c31c-d2ac-3db2e564b307}.Debug|Any CPU.Build.0 = Debug|Any CPU
		{e53d65bf-b7a1-69b4-e60a-e6ef97bd6815}.Debug|Any CPU.ActiveCfg = Debug|Any CPU
		{e53d65bf-b7a1-69b4-e60a-e6ef97bd6815}.Debug|Any CPU.Build.0 = Debug|Any CPU
		{ecdd0481-7f7a-4c10-13a5-49fd48fd3640}.Debug|Any CPU.ActiveCfg = Debug|Any CPU
		{ecdd0481-7f7a-4c10-13a5-49fd48fd3640}.Debug|Any CPU.Build.0 = Debug|Any CPU
		{1941a5db-6657-3dfe-9052-59aba2e583dc}.Debug|Any CPU.ActiveCfg = Debug|Any CPU
		{1941a5db-6657-3dfe-9052-59aba2e583dc}.Debug|Any CPU.Build.0 = Debug|Any CPU
		{1059a601-71fc-82ca-bfdd-a81fa29e599b}.Debug|Any CPU.ActiveCfg = Debug|Any CPU
		{1059a601-71fc-82ca-bfdd-a81fa29e599b}.Debug|Any CPU.Build.0 = Debug|Any CPU
	EndGlobalSection
	GlobalSection(SolutionProperties) = preSolution
		HideSolutionNode = FALSE
	EndGlobalSection
EndGlobal
